{
  "requires": true,
  "lockfileVersion": 1,
  "dependencies": {
    "geofire-common": {
      "version": "5.1.0",
      "resolved": "https://registry.npmjs.org/geofire-common/-/geofire-common-5.1.0.tgz",
      "integrity": "sha512-zdVQ+QGfW6Edty/FplWANzh7M40LpagIgjHGk0mAuF58oXMosZmIYcGjmBwHoAsOCgZ1mlvTC7XvsBOYXDxAFA=="
    }
  }
}
